
Microsoft Visual Studio Solution File, Format Version 12.00
# Visual Studio Version 17
VisualStudioVersion = 17.0.31612.314
MinimumVisualStudioVersion = 10.0.40219.1
Project("{9A19103F-16F7-4668-BE54-9A1E7A4F7556}") = "PacMan", "Projects\PacMan\PacMan.csproj", "{30D6C5DB-92D5-4D5A-979E-80F198ED0D44}"
EndProject
Project("{FAE04EC0-301F-11D3-BF4B-00C04F79EFBC}") = "PacManRefactored", "PacManRefactored\PacManRefactored.csproj", "{1093DA42-202F-4F3D-8F28-1D75FC18DDB3}"
EndProject
Global
	GlobalSection(SolutionConfigurationPlatforms) = preSolution
		Debug|Any CPU = Debug|Any CPU
		Release|Any CPU = Release|Any CPU
	EndGlobalSection
	GlobalSection(ProjectConfigurationPlatforms) = postSolution
		{30D6C5DB-92D5-4D5A-979E-80F198ED0D44}.Debug|Any CPU.ActiveCfg = Debug|Any CPU
		{30D6C5DB-92D5-4D5A-979E-80F198ED0D44}.Debug|Any CPU.Build.0 = Debug|Any CPU
		{30D6C5DB-92D5-4D5A-979E-80F198ED0D44}.Release|Any CPU.ActiveCfg = Release|Any CPU
		{30D6C5DB-92D5-4D5A-979E-80F198ED0D44}.Release|Any CPU.Build.0 = Release|Any CPU
		{1093DA42-202F-4F3D-8F28-1D75FC18DDB3}.Debug|Any CPU.ActiveCfg = Debug|Any CPU
		{1093DA42-202F-4F3D-8F28-1D75FC18DDB3}.Debug|Any CPU.Build.0 = Debug|Any CPU
		{1093DA42-202F-4F3D-8F28-1D75FC18DDB3}.Release|Any CPU.ActiveCfg = Release|Any CPU
		{1093DA42-202F-4F3D-8F28-1D75FC18DDB3}.Release|Any CPU.Build.0 = Release|Any CPU
	EndGlobalSection
	GlobalSection(SolutionProperties) = preSolution
		HideSolutionNode = FALSE
	EndGlobalSection
	GlobalSection(ExtensibilityGlobals) = postSolution
		SolutionGuid = {EC4CAF97-A0CE-4999-8062-EC511A41764F}
	EndGlobalSection
EndGlobal
